# This file is automatically @generated by Cargo.
# It is not intended for manual editing.
version = 4

[[package]]
name = "rerics"
version = "0.1.0"
dependencies = [
 "rerics-core",
 "winsafe",
]

[[package]]
name = "rerics-core"
version = "0.1.0"

[[package]]
name = "winsafe"
version = "0.0.27"
source = "registry+https://github.com/rust-lang/crates.io-index"
checksum = "bcfff8264c3af1b0352006934e2265365ecb5a145aee88e770dc8b82e0456f4f"
